// !$*UTF8*$!
{
	archiveVersion = 1;
	classes = {
	};
	objectVersion = 56;
	objects = {

/* Begin PBXBuildFile section */
		B604114A2C17DFA1004DEDD3 /* MetaThreadsApp.swift in Sources */ = {isa = PBXBuildFile; fileRef = B60411492C17DFA1004DEDD3 /* MetaThreadsApp.swift */; };
		B604114C2C17DFA1004DEDD3 /* ContentView.swift in Sources */ = {isa = PBXBuildFile; fileRef = B604114B2C17DFA1004DEDD3 /* ContentView.swift */; };
		B604114E2C17DFA3004DEDD3 /* Assets.xcassets in Resources */ = {isa = PBXBuildFile; fileRef = B604114D2C17DFA3004DEDD3 /* Assets.xcassets */; };
		B60411512C17DFA3004DEDD3 /* Preview Assets.xcassets in Resources */ = {isa = PBXBuildFile; fileRef = B60411502C17DFA3004DEDD3 /* Preview Assets.xcassets */; };
		B60411612C17E07A004DEDD3 /* LoginView.swift in Sources */ = {isa = PBXBuildFile; fileRef = B60411602C17E07A004DEDD3 /* LoginView.swift */; };
		B60411632C17E846004DEDD3 /* RegistrationView.swift in Sources */ = {isa = PBXBuildFile; fileRef = B60411622C17E846004DEDD3 /* RegistrationView.swift */; };
		B60411662C17FF19004DEDD3 /* ThreadsTextFieldModifier.swift in Sources */ = {isa = PBXBuildFile; fileRef = B60411652C17FF19004DEDD3 /* ThreadsTextFieldModifier.swift */; };
		B60411682C180147004DEDD3 /* ThreadsAuthenticationButtonModifier.swift in Sources */ = {isa = PBXBuildFile; fileRef = B60411672C180147004DEDD3 /* ThreadsAuthenticationButtonModifier.swift */; };
		B604116B2C18028B004DEDD3 /* ThreadsTabView.swift in Sources */ = {isa = PBXBuildFile; fileRef = B604116A2C18028B004DEDD3 /* ThreadsTabView.swift */; };
		B604116F2C180484004DEDD3 /* FeedView.swift in Sources */ = {isa = PBXBuildFile; fileRef = B604116E2C180484004DEDD3 /* FeedView.swift */; };
		B60411732C1804CD004DEDD3 /* ExploreView.swift in Sources */ = {isa = PBXBuildFile; fileRef = B60411722C1804CD004DEDD3 /* ExploreView.swift */; };
		B60411772C180506004DEDD3 /* CreateThreadView.swift in Sources */ = {isa = PBXBuildFile; fileRef = B60411762C180505004DEDD3 /* CreateThreadView.swift */; };
		B604117B2C180533004DEDD3 /* ActivityView.swift in Sources */ = {isa = PBXBuildFile; fileRef = B604117A2C180533004DEDD3 /* ActivityView.swift */; };
		B604117F2C180548004DEDD3 /* ProfileView.swift in Sources */ = {isa = PBXBuildFile; fileRef = B604117E2C180548004DEDD3 /* ProfileView.swift */; };
		B60411812C18063F004DEDD3 /* ThreadCell.swift in Sources */ = {isa = PBXBuildFile; fileRef = B60411802C18063F004DEDD3 /* ThreadCell.swift */; };
/* End PBXBuildFile section */

/* Begin PBXFileReference section */
		B60411462C17DFA1004DEDD3 /* MetaThreads.app */ = {isa = PBXFileReference; explicitFileType = wrapper.application; includeInIndex = 0; path = MetaThreads.app; sourceTree = BUILT_PRODUCTS_DIR; };
		B60411492C17DFA1004DEDD3 /* MetaThreadsApp.swift */ = {isa = PBXFileReference; lastKnownFileType = sourcecode.swift; path = MetaThreadsApp.swift; sourceTree = "<group>"; };
		B604114B2C17DFA1004DEDD3 /* ContentView.swift */ = {isa = PBXFileReference; lastKnownFileType = sourcecode.swift; path = ContentView.swift; sourceTree = "<group>"; };
		B604114D2C17DFA3004DEDD3 /* Assets.xcassets */ = {isa = PBXFileReference; lastKnownFileType = folder.assetcatalog; path = Assets.xcassets; sourceTree = "<group>"; };
		B60411502C17DFA3004DEDD3 /* Preview Assets.xcassets */ = {isa = PBXFileReference; lastKnownFileType = folder.assetcatalog; path = "Preview Assets.xcassets"; sourceTree = "<group>"; };
		B60411602C17E07A004DEDD3 /* LoginView.swift */ = {isa = PBXFileReference; lastKnownFileType = sourcecode.swift; path = LoginView.swift; sourceTree = "<group>"; };
		B60411622C17E846004DEDD3 /* RegistrationView.swift */ = {isa = PBXFileReference; lastKnownFileType = sourcecode.swift; path = RegistrationView.swift; sourceTree = "<group>"; };
		B60411652C17FF19004DEDD3 /* ThreadsTextFieldModifier.swift */ = {isa = PBXFileReference; lastKnownFileType = sourcecode.swift; path = ThreadsTextFieldModifier.swift; sourceTree = "<group>"; };
		B60411672C180147004DEDD3 /* ThreadsAuthenticationButtonModifier.swift */ = {isa = PBXFileReference; lastKnownFileType = sourcecode.swift; path = ThreadsAuthenticationButtonModifier.swift; sourceTree = "<group>"; };
		B604116A2C18028B004DEDD3 /* ThreadsTabView.swift */ = {isa = PBXFileReference; lastKnownFileType = sourcecode.swift; path = ThreadsTabView.swift; sourceTree = "<group>"; };
		B604116E2C180484004DEDD3 /* FeedView.swift */ = {isa = PBXFileReference; lastKnownFileType = sourcecode.swift; path = FeedView.swift; sourceTree = "<group>"; };
		B60411722C1804CD004DEDD3 /* ExploreView.swift */ = {isa = PBXFileReference; lastKnownFileType = sourcecode.swift; path = ExploreView.swift; sourceTree = "<group>"; };
		B60411762C180505004DEDD3 /* CreateThreadView.swift */ = {isa = PBXFileReference; lastKnownFileType = sourcecode.swift; path = CreateThreadView.swift; sourceTree = "<group>"; };
		B604117A2C180533004DEDD3 /* ActivityView.swift */ = {isa = PBXFileReference; lastKnownFileType = sourcecode.swift; path = ActivityView.swift; sourceTree = "<group>"; };
		B604117E2C180548004DEDD3 /* ProfileView.swift */ = {isa = PBXFileReference; lastKnownFileType = sourcecode.swift; path = ProfileView.swift; sourceTree = "<group>"; };
		B60411802C18063F004DEDD3 /* ThreadCell.swift */ = {isa = PBXFileReference; lastKnownFileType = sourcecode.swift; path = ThreadCell.swift; sourceTree = "<group>"; };
/* End PBXFileReference section */

/* Begin PBXFrameworksBuildPhase section */
		B60411432C17DFA1004DEDD3 /* Frameworks */ = {
			isa = PBXFrameworksBuildPhase;
			buildActionMask = 2147483647;
			files = (
			);
			runOnlyForDeploymentPostprocessing = 0;
		};
/* End PBXFrameworksBuildPhase section */

/* Begin PBXGroup section */
		B604113D2C17DFA1004DEDD3 = {
			isa = PBXGroup;
			children = (
				B60411482C17DFA1004DEDD3 /* MetaThreads */,
				B60411472C17DFA1004DEDD3 /* Products */,
			);
			sourceTree = "<group>";
		};
		B60411472C17DFA1004DEDD3 /* Products */ = {
			isa = PBXGroup;
			children = (
				B60411462C17DFA1004DEDD3 /* MetaThreads.app */,
			);
			name = Products;
			sourceTree = "<group>";
		};
		B60411482C17DFA1004DEDD3 /* MetaThreads */ = {
			isa = PBXGroup;
			children = (
				B60411572C17DFBC004DEDD3 /* App */,
				B60411582C17DFC1004DEDD3 /* Core */,
				B604115C2C17DFC5004DEDD3 /* Utils */,
				B604115B2C17DFC4004DEDD3 /* Services */,
				B60411592C17DFC2004DEDD3 /* Extensions */,
				B604115A2C17DFC3004DEDD3 /* Models */,
				B604114D2C17DFA3004DEDD3 /* Assets.xcassets */,
				B604114F2C17DFA3004DEDD3 /* Preview Content */,
			);
			path = MetaThreads;
			sourceTree = "<group>";
		};
		B604114F2C17DFA3004DEDD3 /* Preview Content */ = {
			isa = PBXGroup;
			children = (
				B60411502C17DFA3004DEDD3 /* Preview Assets.xcassets */,
			);
			path = "Preview Content";
			sourceTree = "<group>";
		};
		B60411572C17DFBC004DEDD3 /* App */ = {
			isa = PBXGroup;
			children = (
				B60411492C17DFA1004DEDD3 /* MetaThreadsApp.swift */,
			);
			path = App;
			sourceTree = "<group>";
		};
		B60411582C17DFC1004DEDD3 /* Core */ = {
			isa = PBXGroup;
			children = (
				B60411782C180527004DEDD3 /* Activity */,
				B604115D2C17E023004DEDD3 /* Authentication */,
				B60411702C1804B8004DEDD3 /* Explore */,
				B604116C2C180477004DEDD3 /* Feed */,
				B604115E2C17E043004DEDD3 /* Root */,
				B60411692C18024F004DEDD3 /* TabBar */,
				B60411742C1804EA004DEDD3 /* ThreadCreation */,
				B604117C2C18053E004DEDD3 /* Profile */,
			);
			path = Core;
			sourceTree = "<group>";
		};
		B60411592C17DFC2004DEDD3 /* Extensions */ = {
			isa = PBXGroup;
			children = (
			);
			path = Extensions;
			sourceTree = "<group>";
		};
		B604115A2C17DFC3004DEDD3 /* Models */ = {
			isa = PBXGroup;
			children = (
			);
			path = Models;
			sourceTree = "<group>";
		};
		B604115B2C17DFC4004DEDD3 /* Services */ = {
			isa = PBXGroup;
			children = (
			);
			path = Services;
			sourceTree = "<group>";
		};
		B604115C2C17DFC5004DEDD3 /* Utils */ = {
			isa = PBXGroup;
			children = (
				B60411642C17FEF0004DEDD3 /* ViewModifiers */,
			);
			path = Utils;
			sourceTree = "<group>";
		};
		B604115D2C17E023004DEDD3 /* Authentication */ = {
			isa = PBXGroup;
			children = (
				B604115F2C17E055004DEDD3 /* Views */,
			);
			path = Authentication;
			sourceTree = "<group>";
		};
		B604115E2C17E043004DEDD3 /* Root */ = {
			isa = PBXGroup;
			children = (
				B604114B2C17DFA1004DEDD3 /* ContentView.swift */,
			);
			path = Root;
			sourceTree = "<group>";
		};
		B604115F2C17E055004DEDD3 /* Views */ = {
			isa = PBXGroup;
			children = (
				B60411602C17E07A004DEDD3 /* LoginView.swift */,
				B60411622C17E846004DEDD3 /* RegistrationView.swift */,
			);
			path = Views;
			sourceTree = "<group>";
		};
		B60411642C17FEF0004DEDD3 /* ViewModifiers */ = {
			isa = PBXGroup;
			children = (
				B60411652C17FF19004DEDD3 /* ThreadsTextFieldModifier.swift */,
				B60411672C180147004DEDD3 /* ThreadsAuthenticationButtonModifier.swift */,
			);
			path = ViewModifiers;
			sourceTree = "<group>";
		};
		B60411692C18024F004DEDD3 /* TabBar */ = {
			isa = PBXGroup;
			children = (
				B604116A2C18028B004DEDD3 /* ThreadsTabView.swift */,
			);
			path = TabBar;
			sourceTree = "<group>";
		};
		B604116C2C180477004DEDD3 /* Feed */ = {
			isa = PBXGroup;
			children = (
				B604116D2C18047B004DEDD3 /* Views */,
			);
			path = Feed;
			sourceTree = "<group>";
		};
		B604116D2C18047B004DEDD3 /* Views */ = {
			isa = PBXGroup;
			children = (
				B604116E2C180484004DEDD3 /* FeedView.swift */,
				B60411802C18063F004DEDD3 /* ThreadCell.swift */,
			);
			path = Views;
			sourceTree = "<group>";
		};
		B60411702C1804B8004DEDD3 /* Explore */ = {
			isa = PBXGroup;
			children = (
				B60411712C1804BF004DEDD3 /* Views */,
			);
			path = Explore;
			sourceTree = "<group>";
		};
		B60411712C1804BF004DEDD3 /* Views */ = {
			isa = PBXGroup;
			children = (
				B60411722C1804CD004DEDD3 /* ExploreView.swift */,
			);
			path = Views;
			sourceTree = "<group>";
		};
		B60411742C1804EA004DEDD3 /* ThreadCreation */ = {
			isa = PBXGroup;
			children = (
				B60411752C1804F0004DEDD3 /* Views */,
			);
			path = ThreadCreation;
			sourceTree = "<group>";
		};
		B60411752C1804F0004DEDD3 /* Views */ = {
			isa = PBXGroup;
			children = (
				B60411762C180505004DEDD3 /* CreateThreadView.swift */,
			);
			path = Views;
			sourceTree = "<group>";
		};
		B60411782C180527004DEDD3 /* Activity */ = {
			isa = PBXGroup;
			children = (
				B60411792C18052B004DEDD3 /* Views */,
			);
			path = Activity;
			sourceTree = "<group>";
		};
		B60411792C18052B004DEDD3 /* Views */ = {
			isa = PBXGroup;
			children = (
				B604117A2C180533004DEDD3 /* ActivityView.swift */,
			);
			path = Views;
			sourceTree = "<group>";
		};
		B604117C2C18053E004DEDD3 /* Profile */ = {
			isa = PBXGroup;
			children = (
				B604117D2C180541004DEDD3 /* Views */,
			);
			path = Profile;
			sourceTree = "<group>";
		};
		B604117D2C180541004DEDD3 /* Views */ = {
			isa = PBXGroup;
			children = (
				B604117E2C180548004DEDD3 /* ProfileView.swift */,
			);
			path = Views;
			sourceTree = "<group>";
		};
/* End PBXGroup section */

/* Begin PBXNativeTarget section */
		B60411452C17DFA1004DEDD3 /* MetaThreads */ = {
			isa = PBXNativeTarget;
			buildConfigurationList = B60411542C17DFA3004DEDD3 /* Build configuration list for PBXNativeTarget "MetaThreads" */;
			buildPhases = (
				B60411422C17DFA1004DEDD3 /* Sources */,
				B60411432C17DFA1004DEDD3 /* Frameworks */,
				B60411442C17DFA1004DEDD3 /* Resources */,
			);
			buildRules = (
			);
			dependencies = (
			);
			name = MetaThreads;
			productName = MetaThreads;
			productReference = B60411462C17DFA1004DEDD3 /* MetaThreads.app */;
			productType = "com.apple.product-type.application";
		};
/* End PBXNativeTarget section */

/* Begin PBXProject section */
		B604113E2C17DFA1004DEDD3 /* Project object */ = {
			isa = PBXProject;
			attributes = {
				BuildIndependentTargetsInParallel = 1;
				LastSwiftUpdateCheck = 1540;
				LastUpgradeCheck = 1540;
				TargetAttributes = {
					B60411452C17DFA1004DEDD3 = {
						CreatedOnToolsVersion = 15.4;
					};
				};
			};
			buildConfigurationList = B60411412C17DFA1004DEDD3 /* Build configuration list for PBXProject "MetaThreads" */;
			compatibilityVersion = "Xcode 14.0";
			developmentRegion = en;
			hasScannedForEncodings = 0;
			knownRegions = (
				en,
				Base,
			);
			mainGroup = B604113D2C17DFA1004DEDD3;
			productRefGroup = B60411472C17DFA1004DEDD3 /* Products */;
			projectDirPath = "";
			projectRoot = "";
			targets = (
				B60411452C17DFA1004DEDD3 /* MetaThreads */,
			);
		};
/* End PBXProject section */

/* Begin PBXResourcesBuildPhase section */
		B60411442C17DFA1004DEDD3 /* Resources */ = {
			isa = PBXResourcesBuildPhase;
			buildActionMask = 2147483647;
			files = (
				B60411512C17DFA3004DEDD3 /* Preview Assets.xcassets in Resources */,
				B604114E2C17DFA3004DEDD3 /* Assets.xcassets in Resources */,
			);
			runOnlyForDeploymentPostprocessing = 0;
		};
/* End PBXResourcesBuildPhase section */

/* Begin PBXSourcesBuildPhase section */
		B60411422C17DFA1004DEDD3 /* Sources */ = {
			isa = PBXSourcesBuildPhase;
			buildActionMask = 2147483647;
			files = (
				B604117B2C180533004DEDD3 /* ActivityView.swift in Sources */,
				B60411772C180506004DEDD3 /* CreateThreadView.swift in Sources */,
				B604116F2C180484004DEDD3 /* FeedView.swift in Sources */,
				B60411732C1804CD004DEDD3 /* ExploreView.swift in Sources */,
				B604117F2C180548004DEDD3 /* ProfileView.swift in Sources */,
				B60411682C180147004DEDD3 /* ThreadsAuthenticationButtonModifier.swift in Sources */,
				B604116B2C18028B004DEDD3 /* ThreadsTabView.swift in Sources */,
				B60411612C17E07A004DEDD3 /* LoginView.swift in Sources */,
				B60411812C18063F004DEDD3 /* ThreadCell.swift in Sources */,
				B604114C2C17DFA1004DEDD3 /* ContentView.swift in Sources */,
				B60411662C17FF19004DEDD3 /* ThreadsTextFieldModifier.swift in Sources */,
				B604114A2C17DFA1004DEDD3 /* MetaThreadsApp.swift in Sources */,
				B60411632C17E846004DEDD3 /* RegistrationView.swift in Sources */,
			);
			runOnlyForDeploymentPostprocessing = 0;
		};
/* End PBXSourcesBuildPhase section */

/* Begin XCBuildConfiguration section */
		B60411522C17DFA3004DEDD3 /* Debug */ = {
			isa = XCBuildConfiguration;
			buildSettings = {
				ALWAYS_SEARCH_USER_PATHS = NO;
				ASSETCATALOG_COMPILER_GENERATE_SWIFT_ASSET_SYMBOL_EXTENSIONS = YES;
				CLANG_ANALYZER_NONNULL = YES;
				CLANG_ANALYZER_NUMBER_OBJECT_CONVERSION = YES_AGGRESSIVE;
				CLANG_CXX_LANGUAGE_STANDARD = "gnu++20";
				CLANG_ENABLE_MODULES = YES;
				CLANG_ENABLE_OBJC_ARC = YES;
				CLANG_ENABLE_OBJC_WEAK = YES;
				CLANG_WARN_BLOCK_CAPTURE_AUTORELEASING = YES;
				CLANG_WARN_BOOL_CONVERSION = YES;
				CLANG_WARN_COMMA = YES;
				CLANG_WARN_CONSTANT_CONVERSION = YES;
				CLANG_WARN_DEPRECATED_OBJC_IMPLEMENTATIONS = YES;
				CLANG_WARN_DIRECT_OBJC_ISA_USAGE = YES_ERROR;
				CLANG_WARN_DOCUMENTATION_COMMENTS = YES;
				CLANG_WARN_EMPTY_BODY = YES;
				CLANG_WARN_ENUM_CONVERSION = YES;
				CLANG_WARN_INFINITE_RECURSION = YES;
				CLANG_WARN_INT_CONVERSION = YES;
				CLANG_WARN_NON_LITERAL_NULL_CONVERSION = YES;
				CLANG_WARN_OBJC_IMPLICIT_RETAIN_SELF = YES;
				CLANG_WARN_OBJC_LITERAL_CONVERSION = YES;
				CLANG_WARN_OBJC_ROOT_CLASS = YES_ERROR;
				CLANG_WARN_QUOTED_INCLUDE_IN_FRAMEWORK_HEADER = YES;
				CLANG_WARN_RANGE_LOOP_ANALYSIS = YES;
				CLANG_WARN_STRICT_PROTOTYPES = YES;
				CLANG_WARN_SUSPICIOUS_MOVE = YES;
				CLANG_WARN_UNGUARDED_AVAILABILITY = YES_AGGRESSIVE;
				CLANG_WARN_UNREACHABLE_CODE = YES;
				CLANG_WARN__DUPLICATE_METHOD_MATCH = YES;
				COPY_PHASE_STRIP = NO;
				DEBUG_INFORMATION_FORMAT = dwarf;
				ENABLE_STRICT_OBJC_MSGSEND = YES;
				ENABLE_TESTABILITY = YES;
				ENABLE_USER_SCRIPT_SANDBOXING = YES;
				GCC_C_LANGUAGE_STANDARD = gnu17;
				GCC_DYNAMIC_NO_PIC = NO;
				GCC_NO_COMMON_BLOCKS = YES;
				GCC_OPTIMIZATION_LEVEL = 0;
				GCC_PREPROCESSOR_DEFINITIONS = (
					"DEBUG=1",
					"$(inherited)",
				);
				GCC_WARN_64_TO_32_BIT_CONVERSION = YES;
				GCC_WARN_ABOUT_RETURN_TYPE = YES_ERROR;
				GCC_WARN_UNDECLARED_SELECTOR = YES;
				GCC_WARN_UNINITIALIZED_AUTOS = YES_AGGRESSIVE;
				GCC_WARN_UNUSED_FUNCTION = YES;
				GCC_WARN_UNUSED_VARIABLE = YES;
				IPHONEOS_DEPLOYMENT_TARGET = 17.5;
				LOCALIZATION_PREFERS_STRING_CATALOGS = YES;
				MTL_ENABLE_DEBUG_INFO = INCLUDE_SOURCE;
				MTL_FAST_MATH = YES;
				ONLY_ACTIVE_ARCH = YES;
				SDKROOT = iphoneos;
				SWIFT_ACTIVE_COMPILATION_CONDITIONS = "DEBUG $(inherited)";
				SWIFT_OPTIMIZATION_LEVEL = "-Onone";
			};
			name = Debug;
		};
		B60411532C17DFA3004DEDD3 /* Release */ = {
			isa = XCBuildConfiguration;
			buildSettings = {
				ALWAYS_SEARCH_USER_PATHS = NO;
				ASSETCATALOG_COMPILER_GENERATE_SWIFT_ASSET_SYMBOL_EXTENSIONS = YES;
				CLANG_ANALYZER_NONNULL = YES;
				CLANG_ANALYZER_NUMBER_OBJECT_CONVERSION = YES_AGGRESSIVE;
				CLANG_CXX_LANGUAGE_STANDARD = "gnu++20";
				CLANG_ENABLE_MODULES = YES;
				CLANG_ENABLE_OBJC_ARC = YES;
				CLANG_ENABLE_OBJC_WEAK = YES;
				CLANG_WARN_BLOCK_CAPTURE_AUTORELEASING = YES;
				CLANG_WARN_BOOL_CONVERSION = YES;
				CLANG_WARN_COMMA = YES;
				CLANG_WARN_CONSTANT_CONVERSION = YES;
				CLANG_WARN_DEPRECATED_OBJC_IMPLEMENTATIONS = YES;
				CLANG_WARN_DIRECT_OBJC_ISA_USAGE = YES_ERROR;
				CLANG_WARN_DOCUMENTATION_COMMENTS = YES;
				CLANG_WARN_EMPTY_BODY = YES;
				CLANG_WARN_ENUM_CONVERSION = YES;
				CLANG_WARN_INFINITE_RECURSION = YES;
				CLANG_WARN_INT_CONVERSION = YES;
				CLANG_WARN_NON_LITERAL_NULL_CONVERSION = YES;
				CLANG_WARN_OBJC_IMPLICIT_RETAIN_SELF = YES;
				CLANG_WARN_OBJC_LITERAL_CONVERSION = YES;
				CLANG_WARN_OBJC_ROOT_CLASS = YES_ERROR;
				CLANG_WARN_QUOTED_INCLUDE_IN_FRAMEWORK_HEADER = YES;
				CLANG_WARN_RANGE_LOOP_ANALYSIS = YES;
				CLANG_WARN_STRICT_PROTOTYPES = YES;
				CLANG_WARN_SUSPICIOUS_MOVE = YES;
				CLANG_WARN_UNGUARDED_AVAILABILITY = YES_AGGRESSIVE;
				CLANG_WARN_UNREACHABLE_CODE = YES;
				CLANG_WARN__DUPLICATE_METHOD_MATCH = YES;
				COPY_PHASE_STRIP = NO;
				DEBUG_INFORMATION_FORMAT = "dwarf-with-dsym";
				ENABLE_NS_ASSERTIONS = NO;
				ENABLE_STRICT_OBJC_MSGSEND = YES;
				ENABLE_USER_SCRIPT_SANDBOXING = YES;
				GCC_C_LANGUAGE_STANDARD = gnu17;
				GCC_NO_COMMON_BLOCKS = YES;
				GCC_WARN_64_TO_32_BIT_CONVERSION = YES;
				GCC_WARN_ABOUT_RETURN_TYPE = YES_ERROR;
				GCC_WARN_UNDECLARED_SELECTOR = YES;
				GCC_WARN_UNINITIALIZED_AUTOS = YES_AGGRESSIVE;
				GCC_WARN_UNUSED_FUNCTION = YES;
				GCC_WARN_UNUSED_VARIABLE = YES;
				IPHONEOS_DEPLOYMENT_TARGET = 17.5;
				LOCALIZATION_PREFERS_STRING_CATALOGS = YES;
				MTL_ENABLE_DEBUG_INFO = NO;
				MTL_FAST_MATH = YES;
				SDKROOT = iphoneos;
				SWIFT_COMPILATION_MODE = wholemodule;
				VALIDATE_PRODUCT = YES;
			};
			name = Release;
		};
		B60411552C17DFA3004DEDD3 /* Debug */ = {
			isa = XCBuildConfiguration;
			buildSettings = {
				ASSETCATALOG_COMPILER_APPICON_NAME = AppIcon;
				ASSETCATALOG_COMPILER_GLOBAL_ACCENT_COLOR_NAME = AccentColor;
				CODE_SIGN_STYLE = Automatic;
				CURRENT_PROJECT_VERSION = 1;
				DEVELOPMENT_ASSET_PATHS = "\"MetaThreads/Preview Content\"";
				DEVELOPMENT_TEAM = 54A43ZB7KT;
				ENABLE_PREVIEWS = YES;
				GENERATE_INFOPLIST_FILE = YES;
				INFOPLIST_KEY_UIApplicationSceneManifest_Generation = YES;
				INFOPLIST_KEY_UIApplicationSupportsIndirectInputEvents = YES;
				INFOPLIST_KEY_UILaunchScreen_Generation = YES;
				INFOPLIST_KEY_UISupportedInterfaceOrientations_iPad = "UIInterfaceOrientationPortrait UIInterfaceOrientationPortraitUpsideDown UIInterfaceOrientationLandscapeLeft UIInterfaceOrientationLandscapeRight";
				INFOPLIST_KEY_UISupportedInterfaceOrientations_iPhone = "UIInterfaceOrientationPortrait UIInterfaceOrientationLandscapeLeft UIInterfaceOrientationLandscapeRight";
				LD_RUNPATH_SEARCH_PATHS = (
					"$(inherited)",
					"@executable_path/Frameworks",
				);
				MARKETING_VERSION = 1.0;
				PRODUCT_BUNDLE_IDENTIFIER = com.rohitManivel.MetaThreads;
				PRODUCT_NAME = "$(TARGET_NAME)";
				SWIFT_EMIT_LOC_STRINGS = YES;
				SWIFT_VERSION = 5.0;
				TARGETED_DEVICE_FAMILY = "1,2";
			};
			name = Debug;
		};
		B60411562C17DFA3004DEDD3 /* Release */ = {
			isa = XCBuildConfiguration;
			buildSettings = {
				ASSETCATALOG_COMPILER_APPICON_NAME = AppIcon;
				ASSETCATALOG_COMPILER_GLOBAL_ACCENT_COLOR_NAME = AccentColor;
				CODE_SIGN_STYLE = Automatic;
				CURRENT_PROJECT_VERSION = 1;
				DEVELOPMENT_ASSET_PATHS = "\"MetaThreads/Preview Content\"";
				DEVELOPMENT_TEAM = 54A43ZB7KT;
				ENABLE_PREVIEWS = YES;
				GENERATE_INFOPLIST_FILE = YES;
				INFOPLIST_KEY_UIApplicationSceneManifest_Generation = YES;
				INFOPLIST_KEY_UIApplicationSupportsIndirectInputEvents = YES;
				INFOPLIST_KEY_UILaunchScreen_Generation = YES;
				INFOPLIST_KEY_UISupportedInterfaceOrientations_iPad = "UIInterfaceOrientationPortrait UIInterfaceOrientationPortraitUpsideDown UIInterfaceOrientationLandscapeLeft UIInterfaceOrientationLandscapeRight";
				INFOPLIST_KEY_UISupportedInterfaceOrientations_iPhone = "UIInterfaceOrientationPortrait UIInterfaceOrientationLandscapeLeft UIInterfaceOrientationLandscapeRight";
				LD_RUNPATH_SEARCH_PATHS = (
					"$(inherited)",
					"@executable_path/Frameworks",
				);
				MARKETING_VERSION = 1.0;
				PRODUCT_BUNDLE_IDENTIFIER = com.rohitManivel.MetaThreads;
				PRODUCT_NAME = "$(TARGET_NAME)";
				SWIFT_EMIT_LOC_STRINGS = YES;
				SWIFT_VERSION = 5.0;
				TARGETED_DEVICE_FAMILY = "1,2";
			};
			name = Release;
		};
/* End XCBuildConfiguration section */

/* Begin XCConfigurationList section */
		B60411412C17DFA1004DEDD3 /* Build configuration list for PBXProject "MetaThreads" */ = {
			isa = XCConfigurationList;
			buildConfigurations = (
				B60411522C17DFA3004DEDD3 /* Debug */,
				B60411532C17DFA3004DEDD3 /* Release */,
			);
			defaultConfigurationIsVisible = 0;
			defaultConfigurationName = Release;
		};
		B60411542C17DFA3004DEDD3 /* Build configuration list for PBXNativeTarget "MetaThreads" */ = {
			isa = XCConfigurationList;
			buildConfigurations = (
				B60411552C17DFA3004DEDD3 /* Debug */,
				B60411562C17DFA3004DEDD3 /* Release */,
			);
			defaultConfigurationIsVisible = 0;
			defaultConfigurationName = Release;
		};
/* End XCConfigurationList section */
	};
	rootObject = B604113E2C17DFA1004DEDD3 /* Project object */;
}
